
Microsoft Visual Studio Solution File, Format Version 12.00
# Visual Studio 15
VisualStudioVersion = 15.0.26403.3
MinimumVisualStudioVersion = 10.0.40219.1
Project("{A07B5EB6-E848-4116-A8D0-A826331D98C6}") = "ServiceFabricPoC", "ServiceFabricPoC\ServiceFabricPoC.sfproj", "{82C75BBD-81AC-4610-BC11-2C085ADA2B4D}"
EndProject
Project("{FAE04EC0-301F-11D3-BF4B-00C04F79EFBC}") = "CatActor", "CatActor\CatActor.csproj", "{21052D7C-CC46-4FE5-A618-D9FA47A8F5E1}"
EndProject
Project("{FAE04EC0-301F-11D3-BF4B-00C04F79EFBC}") = "CatActor.Interfaces", "CatActor.Interfaces\CatActor.Interfaces.csproj", "{3AE816A4-064D-444D-846A-7EF511432255}"
EndProject
Global
	GlobalSection(SolutionConfigurationPlatforms) = preSolution
		Debug|x64 = Debug|x64
		Release|x64 = Release|x64
	EndGlobalSection
	GlobalSection(ProjectConfigurationPlatforms) = postSolution
		{82C75BBD-81AC-4610-BC11-2C085ADA2B4D}.Debug|x64.ActiveCfg = Debug|x64
		{82C75BBD-81AC-4610-BC11-2C085ADA2B4D}.Debug|x64.Build.0 = Debug|x64
		{82C75BBD-81AC-4610-BC11-2C085ADA2B4D}.Debug|x64.Deploy.0 = Debug|x64
		{82C75BBD-81AC-4610-BC11-2C085ADA2B4D}.Release|x64.ActiveCfg = Release|x64
		{82C75BBD-81AC-4610-BC11-2C085ADA2B4D}.Release|x64.Build.0 = Release|x64
		{82C75BBD-81AC-4610-BC11-2C085ADA2B4D}.Release|x64.Deploy.0 = Release|x64
		{21052D7C-CC46-4FE5-A618-D9FA47A8F5E1}.Debug|x64.ActiveCfg = Debug|x64
		{21052D7C-CC46-4FE5-A618-D9FA47A8F5E1}.Debug|x64.Build.0 = Debug|x64
		{21052D7C-CC46-4FE5-A618-D9FA47A8F5E1}.Release|x64.ActiveCfg = Release|x64
		{21052D7C-CC46-4FE5-A618-D9FA47A8F5E1}.Release|x64.Build.0 = Release|x64
		{3AE816A4-064D-444D-846A-7EF511432255}.Debug|x64.ActiveCfg = Debug|x64
		{3AE816A4-064D-444D-846A-7EF511432255}.Debug|x64.Build.0 = Debug|x64
		{3AE816A4-064D-444D-846A-7EF511432255}.Release|x64.ActiveCfg = Release|x64
		{3AE816A4-064D-444D-846A-7EF511432255}.Release|x64.Build.0 = Release|x64
	EndGlobalSection
	GlobalSection(SolutionProperties) = preSolution
		HideSolutionNode = FALSE
	EndGlobalSection
EndGlobal
